// !$*UTF8*$!
{
	archiveVersion = 1;
	classes = {
	};
	objectVersion = 48;
	objects = {

/* Begin PBXBuildFile section */
		651B800CAF06912FE2B7164D /* libPods-DemoTests.a in Frameworks */ = {isa = PBXBuildFile; fileRef = 1B9FB0E51B3E90B96474784D /* libPods-DemoTests.a */; };
		81D7B6AC04211FBEDB68D879 /* libPods-Demo.a in Frameworks */ = {isa = PBXBuildFile; fileRef = 50B4EAD862E3D1B922D1F877 /* libPods-Demo.a */; };
		8306DCFB209CC794000B0D52 /* DeviceUID.m in Sources */ = {isa = PBXBuildFile; fileRef = 8306DCFA209CC794000B0D52 /* DeviceUID.m */; };
		83F8A1F32049AF3C00E7B41B /* AppDelegate.m in Sources */ = {isa = PBXBuildFile; fileRef = 83F8A1F22049AF3C00E7B41B /* AppDelegate.m */; };
		83F8A1F62049AF3C00E7B41B /* ViewController.m in Sources */ = {isa = PBXBuildFile; fileRef = 83F8A1F52049AF3C00E7B41B /* ViewController.m */; };
		83F8A1F92049AF3C00E7B41B /* Main.storyboard in Resources */ = {isa = PBXBuildFile; fileRef = 83F8A1F72049AF3C00E7B41B /* Main.storyboard */; };
		83F8A1FB2049AF3C00E7B41B /* Assets.xcassets in Resources */ = {isa = PBXBuildFile; fileRef = 83F8A1FA2049AF3C00E7B41B /* Assets.xcassets */; };
		83F8A1FE2049AF3C00E7B41B /* LaunchScreen.storyboard in Resources */ = {isa = PBXBuildFile; fileRef = 83F8A1FC2049AF3C00E7B41B /* LaunchScreen.storyboard */; };
		83F8A2012049AF3C00E7B41B /* main.m in Sources */ = {isa = PBXBuildFile; fileRef = 83F8A2002049AF3C00E7B41B /* main.m */; };
		83F8A20B2049AF3C00E7B41B /* DemoTests.m in Sources */ = {isa = PBXBuildFile; fileRef = 83F8A20A2049AF3C00E7B41B /* DemoTests.m */; };
		83F8A2162049AF3C00E7B41B /* DemoUITests.m in Sources */ = {isa = PBXBuildFile; fileRef = 83F8A2152049AF3C00E7B41B /* DemoUITests.m */; };
		83F8A2242049B08F00E7B41B /* libz.tbd in Frameworks */ = {isa = PBXBuildFile; fileRef = 83F8A2232049B08F00E7B41B /* libz.tbd */; };
		83F8A2262049B09600E7B41B /* libsqlite3.tbd in Frameworks */ = {isa = PBXBuildFile; fileRef = 83F8A2252049B09600E7B41B /* libsqlite3.tbd */; };
		C306AF8EE7BC17850A4ABD96 /* libPods-DemoUITests.a in Frameworks */ = {isa = PBXBuildFile; fileRef = 78B78ADB0576301F3388EACA /* libPods-DemoUITests.a */; };
/* End PBXBuildFile section */

/* Begin PBXContainerItemProxy section */
		83F8A2072049AF3C00E7B41B /* PBXContainerItemProxy */ = {
			isa = PBXContainerItemProxy;
			containerPortal = 83CE47E12025071A004DF1CC /* Project object */;
			proxyType = 1;
			remoteGlobalIDString = 83F8A1EE2049AF3C00E7B41B;
			remoteInfo = Demo;
		};
		83F8A2122049AF3C00E7B41B /* PBXContainerItemProxy */ = {
			isa = PBXContainerItemProxy;
			containerPortal = 83CE47E12025071A004DF1CC /* Project object */;
			proxyType = 1;
			remoteGlobalIDString = 83F8A1EE2049AF3C00E7B41B;
			remoteInfo = Demo;
		};
/* End PBXContainerItemProxy section */

/* Begin PBXCopyFilesBuildPhase section */
		83F8A6A82049C53800E7B41B /* Embed Frameworks */ = {
			isa = PBXCopyFilesBuildPhase;
			buildActionMask = 2147483647;
			dstPath = "";
			dstSubfolderSpec = 10;
			files = (
			);
			name = "Embed Frameworks";
			runOnlyForDeploymentPostprocessing = 0;
		};
/* End PBXCopyFilesBuildPhase section */

/* Begin PBXFileReference section */
		16E17FFAF22F48DBD4EC8129 /* Pods-DemoUITests.debug.xcconfig */ = {isa = PBXFileReference; includeInIndex = 1; lastKnownFileType = text.xcconfig; name = "Pods-DemoUITests.debug.xcconfig"; path = "Target Support Files/Pods-DemoUITests/Pods-DemoUITests.debug.xcconfig"; sourceTree = "<group>"; };
		1B9FB0E51B3E90B96474784D /* libPods-DemoTests.a */ = {isa = PBXFileReference; explicitFileType = archive.ar; includeInIndex = 0; path = "libPods-DemoTests.a"; sourceTree = BUILT_PRODUCTS_DIR; };
		2E7F80225E0E865FFA5E8944 /* Pods-DemoTests.release.xcconfig */ = {isa = PBXFileReference; includeInIndex = 1; lastKnownFileType = text.xcconfig; name = "Pods-DemoTests.release.xcconfig"; path = "Target Support Files/Pods-DemoTests/Pods-DemoTests.release.xcconfig"; sourceTree = "<group>"; };
		37344F7765F4ACDF4826D742 /* Pods-Demo.debug.xcconfig */ = {isa = PBXFileReference; includeInIndex = 1; lastKnownFileType = text.xcconfig; name = "Pods-Demo.debug.xcconfig"; path = "Target Support Files/Pods-Demo/Pods-Demo.debug.xcconfig"; sourceTree = "<group>"; };
		406C86577403C9B630C8C11D /* Pods-Demo.release.xcconfig */ = {isa = PBXFileReference; includeInIndex = 1; lastKnownFileType = text.xcconfig; name = "Pods-Demo.release.xcconfig"; path = "Target Support Files/Pods-Demo/Pods-Demo.release.xcconfig"; sourceTree = "<group>"; };
		508997F590468C95D3D94DF5 /* Pods-DemoUITests.release.xcconfig */ = {isa = PBXFileReference; includeInIndex = 1; lastKnownFileType = text.xcconfig; name = "Pods-DemoUITests.release.xcconfig"; path = "Target Support Files/Pods-DemoUITests/Pods-DemoUITests.release.xcconfig"; sourceTree = "<group>"; };
		50B4EAD862E3D1B922D1F877 /* libPods-Demo.a */ = {isa = PBXFileReference; explicitFileType = archive.ar; includeInIndex = 0; path = "libPods-Demo.a"; sourceTree = BUILT_PRODUCTS_DIR; };
		78B78ADB0576301F3388EACA /* libPods-DemoUITests.a */ = {isa = PBXFileReference; explicitFileType = archive.ar; includeInIndex = 0; path = "libPods-DemoUITests.a"; sourceTree = BUILT_PRODUCTS_DIR; };
		8306DCFA209CC794000B0D52 /* DeviceUID.m */ = {isa = PBXFileReference; lastKnownFileType = sourcecode.c.objc; path = DeviceUID.m; sourceTree = "<group>"; };
		8306DCFC209CC7A3000B0D52 /* DeviceUID.h */ = {isa = PBXFileReference; lastKnownFileType = sourcecode.c.h; path = DeviceUID.h; sourceTree = "<group>"; };
		83CE48032025075D004DF1CC /* TSBackgroundFetch.framework */ = {isa = PBXFileReference; lastKnownFileType = wrapper.framework; path = TSBackgroundFetch.framework; sourceTree = "<group>"; };
		83CE48042025075D004DF1CC /* TSLocationManager.framework */ = {isa = PBXFileReference; lastKnownFileType = wrapper.framework; path = TSLocationManager.framework; sourceTree = "<group>"; };
		83F8A1EF2049AF3C00E7B41B /* Demo.app */ = {isa = PBXFileReference; explicitFileType = wrapper.application; includeInIndex = 0; path = Demo.app; sourceTree = BUILT_PRODUCTS_DIR; };
		83F8A1F12049AF3C00E7B41B /* AppDelegate.h */ = {isa = PBXFileReference; lastKnownFileType = sourcecode.c.h; path = AppDelegate.h; sourceTree = "<group>"; };
		83F8A1F22049AF3C00E7B41B /* AppDelegate.m */ = {isa = PBXFileReference; lastKnownFileType = sourcecode.c.objc; path = AppDelegate.m; sourceTree = "<group>"; };
		83F8A1F42049AF3C00E7B41B /* ViewController.h */ = {isa = PBXFileReference; lastKnownFileType = sourcecode.c.h; path = ViewController.h; sourceTree = "<group>"; };
		83F8A1F52049AF3C00E7B41B /* ViewController.m */ = {isa = PBXFileReference; lastKnownFileType = sourcecode.c.objc; path = ViewController.m; sourceTree = "<group>"; };
		83F8A1F82049AF3C00E7B41B /* Base */ = {isa = PBXFileReference; lastKnownFileType = file.storyboard; name = Base; path = Base.lproj/Main.storyboard; sourceTree = "<group>"; };
		83F8A1FA2049AF3C00E7B41B /* Assets.xcassets */ = {isa = PBXFileReference; lastKnownFileType = folder.assetcatalog; path = Assets.xcassets; sourceTree = "<group>"; };
		83F8A1FD2049AF3C00E7B41B /* Base */ = {isa = PBXFileReference; lastKnownFileType = file.storyboard; name = Base; path = Base.lproj/LaunchScreen.storyboard; sourceTree = "<group>"; };
		83F8A1FF2049AF3C00E7B41B /* Info.plist */ = {isa = PBXFileReference; lastKnownFileType = text.plist.xml; path = Info.plist; sourceTree = "<group>"; };
		83F8A2002049AF3C00E7B41B /* main.m */ = {isa = PBXFileReference; lastKnownFileType = sourcecode.c.objc; path = main.m; sourceTree = "<group>"; };
		83F8A2062049AF3C00E7B41B /* DemoTests.xctest */ = {isa = PBXFileReference; explicitFileType = wrapper.cfbundle; includeInIndex = 0; path = DemoTests.xctest; sourceTree = BUILT_PRODUCTS_DIR; };
		83F8A20A2049AF3C00E7B41B /* DemoTests.m */ = {isa = PBXFileReference; lastKnownFileType = sourcecode.c.objc; path = DemoTests.m; sourceTree = "<group>"; };
		83F8A20C2049AF3C00E7B41B /* Info.plist */ = {isa = PBXFileReference; lastKnownFileType = text.plist.xml; path = Info.plist; sourceTree = "<group>"; };
		83F8A2112049AF3C00E7B41B /* DemoUITests.xctest */ = {isa = PBXFileReference; explicitFileType = wrapper.cfbundle; includeInIndex = 0; path = DemoUITests.xctest; sourceTree = BUILT_PRODUCTS_DIR; };
		83F8A2152049AF3C00E7B41B /* DemoUITests.m */ = {isa = PBXFileReference; lastKnownFileType = sourcecode.c.objc; path = DemoUITests.m; sourceTree = "<group>"; };
		83F8A2172049AF3C00E7B41B /* Info.plist */ = {isa = PBXFileReference; lastKnownFileType = text.plist.xml; path = Info.plist; sourceTree = "<group>"; };
		83F8A2232049B08F00E7B41B /* libz.tbd */ = {isa = PBXFileReference; lastKnownFileType = "sourcecode.text-based-dylib-definition"; name = libz.tbd; path = usr/lib/libz.tbd; sourceTree = SDKROOT; };
		83F8A2252049B09600E7B41B /* libsqlite3.tbd */ = {isa = PBXFileReference; lastKnownFileType = "sourcecode.text-based-dylib-definition"; name = libsqlite3.tbd; path = usr/lib/libsqlite3.tbd; sourceTree = SDKROOT; };
		E02F4F6DCA0BEBEEC59FA35A /* Pods-DemoTests.debug.xcconfig */ = {isa = PBXFileReference; includeInIndex = 1; lastKnownFileType = text.xcconfig; name = "Pods-DemoTests.debug.xcconfig"; path = "Target Support Files/Pods-DemoTests/Pods-DemoTests.debug.xcconfig"; sourceTree = "<group>"; };
/* End PBXFileReference section */

/* Begin PBXFrameworksBuildPhase section */
		83F8A1EC2049AF3C00E7B41B /* Frameworks */ = {
			isa = PBXFrameworksBuildPhase;
			buildActionMask = 2147483647;
			files = (
				83F8A2262049B09600E7B41B /* libsqlite3.tbd in Frameworks */,
				83F8A2242049B08F00E7B41B /* libz.tbd in Frameworks */,
				81D7B6AC04211FBEDB68D879 /* libPods-Demo.a in Frameworks */,
			);
			runOnlyForDeploymentPostprocessing = 0;
		};
		83F8A2032049AF3C00E7B41B /* Frameworks */ = {
			isa = PBXFrameworksBuildPhase;
			buildActionMask = 2147483647;
			files = (
				651B800CAF06912FE2B7164D /* libPods-DemoTests.a in Frameworks */,
			);
			runOnlyForDeploymentPostprocessing = 0;
		};
		83F8A20E2049AF3C00E7B41B /* Frameworks */ = {
			isa = PBXFrameworksBuildPhase;
			buildActionMask = 2147483647;
			files = (
				C306AF8EE7BC17850A4ABD96 /* libPods-DemoUITests.a in Frameworks */,
			);
			runOnlyForDeploymentPostprocessing = 0;
		};
/* End PBXFrameworksBuildPhase section */

/* Begin PBXGroup section */
		4B92E00CAF24581FADC27EB2 /* Pods */ = {
			isa = PBXGroup;
			children = (
				37344F7765F4ACDF4826D742 /* Pods-Demo.debug.xcconfig */,
				406C86577403C9B630C8C11D /* Pods-Demo.release.xcconfig */,
				E02F4F6DCA0BEBEEC59FA35A /* Pods-DemoTests.debug.xcconfig */,
				2E7F80225E0E865FFA5E8944 /* Pods-DemoTests.release.xcconfig */,
				16E17FFAF22F48DBD4EC8129 /* Pods-DemoUITests.debug.xcconfig */,
				508997F590468C95D3D94DF5 /* Pods-DemoUITests.release.xcconfig */,
			);
			path = Pods;
			sourceTree = "<group>";
		};
		8306DCE9209CC77B000B0D52 /* Lib */ = {
			isa = PBXGroup;
			children = (
				8306DCFA209CC794000B0D52 /* DeviceUID.m */,
				8306DCFC209CC7A3000B0D52 /* DeviceUID.h */,
			);
			path = Lib;
			sourceTree = "<group>";
		};
		83CE47E02025071A004DF1CC = {
			isa = PBXGroup;
			children = (
				83F8A1F02049AF3C00E7B41B /* Demo */,
				83F8A2092049AF3C00E7B41B /* DemoTests */,
				83F8A2142049AF3C00E7B41B /* DemoUITests */,
				83CE480220250730004DF1CC /* Frameworks */,
				83CE47EA2025071A004DF1CC /* Products */,
				4B92E00CAF24581FADC27EB2 /* Pods */,
			);
			sourceTree = "<group>";
		};
		83CE47EA2025071A004DF1CC /* Products */ = {
			isa = PBXGroup;
			children = (
				83F8A1EF2049AF3C00E7B41B /* Demo.app */,
				83F8A2062049AF3C00E7B41B /* DemoTests.xctest */,
				83F8A2112049AF3C00E7B41B /* DemoUITests.xctest */,
			);
			name = Products;
			sourceTree = "<group>";
		};
		83CE480220250730004DF1CC /* Frameworks */ = {
			isa = PBXGroup;
			children = (
				83F8A2252049B09600E7B41B /* libsqlite3.tbd */,
				83F8A2232049B08F00E7B41B /* libz.tbd */,
				83CE48032025075D004DF1CC /* TSBackgroundFetch.framework */,
				83CE48042025075D004DF1CC /* TSLocationManager.framework */,
				50B4EAD862E3D1B922D1F877 /* libPods-Demo.a */,
				1B9FB0E51B3E90B96474784D /* libPods-DemoTests.a */,
				78B78ADB0576301F3388EACA /* libPods-DemoUITests.a */,
			);
			path = Frameworks;
			sourceTree = "<group>";
		};
		83F8A1F02049AF3C00E7B41B /* Demo */ = {
			isa = PBXGroup;
			children = (
				8306DCE9209CC77B000B0D52 /* Lib */,
				83F8A1F12049AF3C00E7B41B /* AppDelegate.h */,
				83F8A1F22049AF3C00E7B41B /* AppDelegate.m */,
				83F8A1F42049AF3C00E7B41B /* ViewController.h */,
				83F8A1F52049AF3C00E7B41B /* ViewController.m */,
				83F8A1F72049AF3C00E7B41B /* Main.storyboard */,
				83F8A1FA2049AF3C00E7B41B /* Assets.xcassets */,
				83F8A1FC2049AF3C00E7B41B /* LaunchScreen.storyboard */,
				83F8A1FF2049AF3C00E7B41B /* Info.plist */,
				83F8A2002049AF3C00E7B41B /* main.m */,
			);
			path = Demo;
			sourceTree = "<group>";
		};
		83F8A2092049AF3C00E7B41B /* DemoTests */ = {
			isa = PBXGroup;
			children = (
				83F8A20A2049AF3C00E7B41B /* DemoTests.m */,
				83F8A20C2049AF3C00E7B41B /* Info.plist */,
			);
			path = DemoTests;
			sourceTree = "<group>";
		};
		83F8A2142049AF3C00E7B41B /* DemoUITests */ = {
			isa = PBXGroup;
			children = (
				83F8A2152049AF3C00E7B41B /* DemoUITests.m */,
				83F8A2172049AF3C00E7B41B /* Info.plist */,
			);
			path = DemoUITests;
			sourceTree = "<group>";
		};
/* End PBXGroup section */

/* Begin PBXNativeTarget section */
		83F8A1EE2049AF3C00E7B41B /* Demo */ = {
			isa = PBXNativeTarget;
			buildConfigurationList = 83F8A21E2049AF3C00E7B41B /* Build configuration list for PBXNativeTarget "Demo" */;
			buildPhases = (
				674AA7D4C62ADCDEC703C1FD /* [CP] Check Pods Manifest.lock */,
				83F8A1EB2049AF3C00E7B41B /* Sources */,
				83F8A1EC2049AF3C00E7B41B /* Frameworks */,
				83F8A1ED2049AF3C00E7B41B /* Resources */,
				83F8A6A82049C53800E7B41B /* Embed Frameworks */,
			);
			buildRules = (
			);
			dependencies = (
			);
			name = Demo;
			productName = Demo;
			productReference = 83F8A1EF2049AF3C00E7B41B /* Demo.app */;
			productType = "com.apple.product-type.application";
		};
		83F8A2052049AF3C00E7B41B /* DemoTests */ = {
			isa = PBXNativeTarget;
			buildConfigurationList = 83F8A21F2049AF3C00E7B41B /* Build configuration list for PBXNativeTarget "DemoTests" */;
			buildPhases = (
				CB052173AE01DE143ED520C1 /* [CP] Check Pods Manifest.lock */,
				83F8A2022049AF3C00E7B41B /* Sources */,
				83F8A2032049AF3C00E7B41B /* Frameworks */,
				83F8A2042049AF3C00E7B41B /* Resources */,
			);
			buildRules = (
			);
			dependencies = (
				83F8A2082049AF3C00E7B41B /* PBXTargetDependency */,
			);
			name = DemoTests;
			productName = DemoTests;
			productReference = 83F8A2062049AF3C00E7B41B /* DemoTests.xctest */;
			productType = "com.apple.product-type.bundle.unit-test";
		};
		83F8A2102049AF3C00E7B41B /* DemoUITests */ = {
			isa = PBXNativeTarget;
			buildConfigurationList = 83F8A2202049AF3C00E7B41B /* Build configuration list for PBXNativeTarget "DemoUITests" */;
			buildPhases = (
				2761EEE6C61E06CBD9A4F2D1 /* [CP] Check Pods Manifest.lock */,
				83F8A20D2049AF3C00E7B41B /* Sources */,
				83F8A20E2049AF3C00E7B41B /* Frameworks */,
				83F8A20F2049AF3C00E7B41B /* Resources */,
			);
			buildRules = (
			);
			dependencies = (
				83F8A2132049AF3C00E7B41B /* PBXTargetDependency */,
			);
			name = DemoUITests;
			productName = DemoUITests;
			productReference = 83F8A2112049AF3C00E7B41B /* DemoUITests.xctest */;
			productType = "com.apple.product-type.bundle.ui-testing";
		};
/* End PBXNativeTarget section */

/* Begin PBXProject section */
		83CE47E12025071A004DF1CC /* Project object */ = {
			isa = PBXProject;
			attributes = {
				LastUpgradeCheck = 1030;
				ORGANIZATIONNAME = "Christopher Scott";
				TargetAttributes = {
					83F8A1EE2049AF3C00E7B41B = {
						CreatedOnToolsVersion = 9.2;
						ProvisioningStyle = Automatic;
						SystemCapabilities = {
							com.apple.BackgroundModes = {
								enabled = 1;
							};
						};
					};
					83F8A2052049AF3C00E7B41B = {
						CreatedOnToolsVersion = 9.2;
						ProvisioningStyle = Automatic;
						TestTargetID = 83F8A1EE2049AF3C00E7B41B;
					};
					83F8A2102049AF3C00E7B41B = {
						CreatedOnToolsVersion = 9.2;
						ProvisioningStyle = Automatic;
						TestTargetID = 83F8A1EE2049AF3C00E7B41B;
					};
				};
			};
			buildConfigurationList = 83CE47E42025071A004DF1CC /* Build configuration list for PBXProject "BackgroundGeolocation" */;
			compatibilityVersion = "Xcode 8.0";
			developmentRegion = en;
			hasScannedForEncodings = 0;
			knownRegions = (
				en,
				Base,
			);
			mainGroup = 83CE47E02025071A004DF1CC;
			productRefGroup = 83CE47EA2025071A004DF1CC /* Products */;
			projectDirPath = "";
			projectRoot = "";
			targets = (
				83F8A1EE2049AF3C00E7B41B /* Demo */,
				83F8A2052049AF3C00E7B41B /* DemoTests */,
				83F8A2102049AF3C00E7B41B /* DemoUITests */,
			);
		};
/* End PBXProject section */

/* Begin PBXResourcesBuildPhase section */
		83F8A1ED2049AF3C00E7B41B /* Resources */ = {
			isa = PBXResourcesBuildPhase;
			buildActionMask = 2147483647;
			files = (
				83F8A1FE2049AF3C00E7B41B /* LaunchScreen.storyboard in Resources */,
				83F8A1FB2049AF3C00E7B41B /* Assets.xcassets in Resources */,
				83F8A1F92049AF3C00E7B41B /* Main.storyboard in Resources */,
			);
			runOnlyForDeploymentPostprocessing = 0;
		};
		83F8A2042049AF3C00E7B41B /* Resources */ = {
			isa = PBXResourcesBuildPhase;
			buildActionMask = 2147483647;
			files = (
			);
			runOnlyForDeploymentPostprocessing = 0;
		};
		83F8A20F2049AF3C00E7B41B /* Resources */ = {
			isa = PBXResourcesBuildPhase;
			buildActionMask = 2147483647;
			files = (
			);
			runOnlyForDeploymentPostprocessing = 0;
		};
/* End PBXResourcesBuildPhase section */

/* Begin PBXShellScriptBuildPhase section */
		2761EEE6C61E06CBD9A4F2D1 /* [CP] Check Pods Manifest.lock */ = {
			isa = PBXShellScriptBuildPhase;
			buildActionMask = 2147483647;
			files = (
			);
			inputFileListPaths = (
			);
			inputPaths = (
				"${PODS_PODFILE_DIR_PATH}/Podfile.lock",
				"${PODS_ROOT}/Manifest.lock",
			);
			name = "[CP] Check Pods Manifest.lock";
			outputFileListPaths = (
			);
			outputPaths = (
				"$(DERIVED_FILE_DIR)/Pods-DemoUITests-checkManifestLockResult.txt",
			);
			runOnlyForDeploymentPostprocessing = 0;
			shellPath = /bin/sh;
			shellScript = "diff \"${PODS_PODFILE_DIR_PATH}/Podfile.lock\" \"${PODS_ROOT}/Manifest.lock\" > /dev/null\nif [ $? != 0 ] ; then\n    # print error to STDERR\n    echo \"error: The sandbox is not in sync with the Podfile.lock. Run 'pod install' or update your CocoaPods installation.\" >&2\n    exit 1\nfi\n# This output is used by Xcode 'outputs' to avoid re-running this script phase.\necho \"SUCCESS\" > \"${SCRIPT_OUTPUT_FILE_0}\"\n";
			showEnvVarsInLog = 0;
		};
		674AA7D4C62ADCDEC703C1FD /* [CP] Check Pods Manifest.lock */ = {
			isa = PBXShellScriptBuildPhase;
			buildActionMask = 2147483647;
			files = (
			);
			inputFileListPaths = (
			);
			inputPaths = (
				"${PODS_PODFILE_DIR_PATH}/Podfile.lock",
				"${PODS_ROOT}/Manifest.lock",
			);
			name = "[CP] Check Pods Manifest.lock";
			outputFileListPaths = (
			);
			outputPaths = (
				"$(DERIVED_FILE_DIR)/Pods-Demo-checkManifestLockResult.txt",
			);
			runOnlyForDeploymentPostprocessing = 0;
			shellPath = /bin/sh;
			shellScript = "diff \"${PODS_PODFILE_DIR_PATH}/Podfile.lock\" \"${PODS_ROOT}/Manifest.lock\" > /dev/null\nif [ $? != 0 ] ; then\n    # print error to STDERR\n    echo \"error: The sandbox is not in sync with the Podfile.lock. Run 'pod install' or update your CocoaPods installation.\" >&2\n    exit 1\nfi\n# This output is used by Xcode 'outputs' to avoid re-running this script phase.\necho \"SUCCESS\" > \"${SCRIPT_OUTPUT_FILE_0}\"\n";
			showEnvVarsInLog = 0;
		};
		CB052173AE01DE143ED520C1 /* [CP] Check Pods Manifest.lock */ = {
			isa = PBXShellScriptBuildPhase;
			buildActionMask = 2147483647;
			files = (
			);
			inputFileListPaths = (
			);
			inputPaths = (
				"${PODS_PODFILE_DIR_PATH}/Podfile.lock",
				"${PODS_ROOT}/Manifest.lock",
			);
			name = "[CP] Check Pods Manifest.lock";
			outputFileListPaths = (
			);
			outputPaths = (
				"$(DERIVED_FILE_DIR)/Pods-DemoTests-checkManifestLockResult.txt",
			);
			runOnlyForDeploymentPostprocessing = 0;
			shellPath = /bin/sh;
			shellScript = "diff \"${PODS_PODFILE_DIR_PATH}/Podfile.lock\" \"${PODS_ROOT}/Manifest.lock\" > /dev/null\nif [ $? != 0 ] ; then\n    # print error to STDERR\n    echo \"error: The sandbox is not in sync with the Podfile.lock. Run 'pod install' or update your CocoaPods installation.\" >&2\n    exit 1\nfi\n# This output is used by Xcode 'outputs' to avoid re-running this script phase.\necho \"SUCCESS\" > \"${SCRIPT_OUTPUT_FILE_0}\"\n";
			showEnvVarsInLog = 0;
		};
/* End PBXShellScriptBuildPhase section */

/* Begin PBXSourcesBuildPhase section */
		83F8A1EB2049AF3C00E7B41B /* Sources */ = {
			isa = PBXSourcesBuildPhase;
			buildActionMask = 2147483647;
			files = (
				83F8A1F62049AF3C00E7B41B /* ViewController.m in Sources */,
				83F8A2012049AF3C00E7B41B /* main.m in Sources */,
				83F8A1F32049AF3C00E7B41B /* AppDelegate.m in Sources */,
				8306DCFB209CC794000B0D52 /* DeviceUID.m in Sources */,
			);
			runOnlyForDeploymentPostprocessing = 0;
		};
		83F8A2022049AF3C00E7B41B /* Sources */ = {
			isa = PBXSourcesBuildPhase;
			buildActionMask = 2147483647;
			files = (
				83F8A20B2049AF3C00E7B41B /* DemoTests.m in Sources */,
			);
			runOnlyForDeploymentPostprocessing = 0;
		};
		83F8A20D2049AF3C00E7B41B /* Sources */ = {
			isa = PBXSourcesBuildPhase;
			buildActionMask = 2147483647;
			files = (
				83F8A2162049AF3C00E7B41B /* DemoUITests.m in Sources */,
			);
			runOnlyForDeploymentPostprocessing = 0;
		};
/* End PBXSourcesBuildPhase section */

/* Begin PBXTargetDependency section */
		83F8A2082049AF3C00E7B41B /* PBXTargetDependency */ = {
			isa = PBXTargetDependency;
			target = 83F8A1EE2049AF3C00E7B41B /* Demo */;
			targetProxy = 83F8A2072049AF3C00E7B41B /* PBXContainerItemProxy */;
		};
		83F8A2132049AF3C00E7B41B /* PBXTargetDependency */ = {
			isa = PBXTargetDependency;
			target = 83F8A1EE2049AF3C00E7B41B /* Demo */;
			targetProxy = 83F8A2122049AF3C00E7B41B /* PBXContainerItemProxy */;
		};
/* End PBXTargetDependency section */

/* Begin PBXVariantGroup section */
		83F8A1F72049AF3C00E7B41B /* Main.storyboard */ = {
			isa = PBXVariantGroup;
			children = (
				83F8A1F82049AF3C00E7B41B /* Base */,
			);
			name = Main.storyboard;
			sourceTree = "<group>";
		};
		83F8A1FC2049AF3C00E7B41B /* LaunchScreen.storyboard */ = {
			isa = PBXVariantGroup;
			children = (
				83F8A1FD2049AF3C00E7B41B /* Base */,
			);
			name = LaunchScreen.storyboard;
			sourceTree = "<group>";
		};
/* End PBXVariantGroup section */

/* Begin XCBuildConfiguration section */
		83CE47FD2025071A004DF1CC /* Debug */ = {
			isa = XCBuildConfiguration;
			buildSettings = {
				ALWAYS_SEARCH_USER_PATHS = NO;
				CLANG_ANALYZER_LOCALIZABILITY_NONLOCALIZED = YES;
				CLANG_ANALYZER_NONNULL = YES;
				CLANG_ANALYZER_NUMBER_OBJECT_CONVERSION = YES_AGGRESSIVE;
				CLANG_CXX_LANGUAGE_STANDARD = "gnu++14";
				CLANG_CXX_LIBRARY = "libc++";
				CLANG_ENABLE_MODULES = YES;
				CLANG_ENABLE_OBJC_ARC = YES;
				CLANG_WARN_BLOCK_CAPTURE_AUTORELEASING = YES;
				CLANG_WARN_BOOL_CONVERSION = YES;
				CLANG_WARN_COMMA = YES;
				CLANG_WARN_CONSTANT_CONVERSION = YES;
				CLANG_WARN_DEPRECATED_OBJC_IMPLEMENTATIONS = YES;
				CLANG_WARN_DIRECT_OBJC_ISA_USAGE = YES_ERROR;
				CLANG_WARN_DOCUMENTATION_COMMENTS = YES;
				CLANG_WARN_EMPTY_BODY = YES;
				CLANG_WARN_ENUM_CONVERSION = YES;
				CLANG_WARN_INFINITE_RECURSION = YES;
				CLANG_WARN_INT_CONVERSION = YES;
				CLANG_WARN_NON_LITERAL_NULL_CONVERSION = YES;
				CLANG_WARN_OBJC_IMPLICIT_RETAIN_SELF = YES;
				CLANG_WARN_OBJC_LITERAL_CONVERSION = YES;
				CLANG_WARN_OBJC_ROOT_CLASS = YES_ERROR;
				CLANG_WARN_RANGE_LOOP_ANALYSIS = YES;
				CLANG_WARN_STRICT_PROTOTYPES = YES;
				CLANG_WARN_SUSPICIOUS_MOVE = YES;
				CLANG_WARN_UNGUARDED_AVAILABILITY = YES_AGGRESSIVE;
				CLANG_WARN_UNREACHABLE_CODE = YES;
				CLANG_WARN__DUPLICATE_METHOD_MATCH = YES;
				CODE_SIGN_IDENTITY = "iPhone Developer";
				COPY_PHASE_STRIP = NO;
				DEBUG_INFORMATION_FORMAT = dwarf;
				ENABLE_STRICT_OBJC_MSGSEND = YES;
				ENABLE_TESTABILITY = YES;
				GCC_C_LANGUAGE_STANDARD = gnu11;
				GCC_DYNAMIC_NO_PIC = NO;
				GCC_NO_COMMON_BLOCKS = YES;
				GCC_OPTIMIZATION_LEVEL = 0;
				GCC_PREPROCESSOR_DEFINITIONS = (
					"DEBUG=1",
					"$(inherited)",
				);
				GCC_WARN_64_TO_32_BIT_CONVERSION = YES;
				GCC_WARN_ABOUT_RETURN_TYPE = YES_ERROR;
				GCC_WARN_UNDECLARED_SELECTOR = YES;
				GCC_WARN_UNINITIALIZED_AUTOS = YES_AGGRESSIVE;
				GCC_WARN_UNUSED_FUNCTION = YES;
				GCC_WARN_UNUSED_VARIABLE = YES;
				IPHONEOS_DEPLOYMENT_TARGET = 11.2;
				MTL_ENABLE_DEBUG_INFO = YES;
				ONLY_ACTIVE_ARCH = YES;
				SDKROOT = iphoneos;
			};
			name = Debug;
		};
		83CE47FE2025071A004DF1CC /* Release */ = {
			isa = XCBuildConfiguration;
			buildSettings = {
				ALWAYS_SEARCH_USER_PATHS = NO;
				CLANG_ANALYZER_LOCALIZABILITY_NONLOCALIZED = YES;
				CLANG_ANALYZER_NONNULL = YES;
				CLANG_ANALYZER_NUMBER_OBJECT_CONVERSION = YES_AGGRESSIVE;
				CLANG_CXX_LANGUAGE_STANDARD = "gnu++14";
				CLANG_CXX_LIBRARY = "libc++";
				CLANG_ENABLE_MODULES = YES;
				CLANG_ENABLE_OBJC_ARC = YES;
				CLANG_WARN_BLOCK_CAPTURE_AUTORELEASING = YES;
				CLANG_WARN_BOOL_CONVERSION = YES;
				CLANG_WARN_COMMA = YES;
				CLANG_WARN_CONSTANT_CONVERSION = YES;
				CLANG_WARN_DEPRECATED_OBJC_IMPLEMENTATIONS = YES;
				CLANG_WARN_DIRECT_OBJC_ISA_USAGE = YES_ERROR;
				CLANG_WARN_DOCUMENTATION_COMMENTS = YES;
				CLANG_WARN_EMPTY_BODY = YES;
				CLANG_WARN_ENUM_CONVERSION = YES;
				CLANG_WARN_INFINITE_RECURSION = YES;
				CLANG_WARN_INT_CONVERSION = YES;
				CLANG_WARN_NON_LITERAL_NULL_CONVERSION = YES;
				CLANG_WARN_OBJC_IMPLICIT_RETAIN_SELF = YES;
				CLANG_WARN_OBJC_LITERAL_CONVERSION = YES;
				CLANG_WARN_OBJC_ROOT_CLASS = YES_ERROR;
				CLANG_WARN_RANGE_LOOP_ANALYSIS = YES;
				CLANG_WARN_STRICT_PROTOTYPES = YES;
				CLANG_WARN_SUSPICIOUS_MOVE = YES;
				CLANG_WARN_UNGUARDED_AVAILABILITY = YES_AGGRESSIVE;
				CLANG_WARN_UNREACHABLE_CODE = YES;
				CLANG_WARN__DUPLICATE_METHOD_MATCH = YES;
				CODE_SIGN_IDENTITY = "iPhone Developer";
				COPY_PHASE_STRIP = NO;
				DEBUG_INFORMATION_FORMAT = "dwarf-with-dsym";
				ENABLE_NS_ASSERTIONS = NO;
				ENABLE_STRICT_OBJC_MSGSEND = YES;
				GCC_C_LANGUAGE_STANDARD = gnu11;
				GCC_NO_COMMON_BLOCKS = YES;
				GCC_WARN_64_TO_32_BIT_CONVERSION = YES;
				GCC_WARN_ABOUT_RETURN_TYPE = YES_ERROR;
				GCC_WARN_UNDECLARED_SELECTOR = YES;
				GCC_WARN_UNINITIALIZED_AUTOS = YES_AGGRESSIVE;
				GCC_WARN_UNUSED_FUNCTION = YES;
				GCC_WARN_UNUSED_VARIABLE = YES;
				IPHONEOS_DEPLOYMENT_TARGET = 11.2;
				MTL_ENABLE_DEBUG_INFO = NO;
				SDKROOT = iphoneos;
				VALIDATE_PRODUCT = YES;
			};
			name = Release;
		};
		83F8A2182049AF3C00E7B41B /* Debug */ = {
			isa = XCBuildConfiguration;
			baseConfigurationReference = 37344F7765F4ACDF4826D742 /* Pods-Demo.debug.xcconfig */;
			buildSettings = {
				ASSETCATALOG_COMPILER_APPICON_NAME = AppIcon;
				CODE_SIGN_STYLE = Automatic;
				DEVELOPMENT_TEAM = 32A636YFGZ;
				FRAMEWORK_SEARCH_PATHS = "$(inherited)";
				INFOPLIST_FILE = Demo/Info.plist;
				IPHONEOS_DEPLOYMENT_TARGET = 9.3;
				LD_RUNPATH_SEARCH_PATHS = "$(inherited) @executable_path/Frameworks";
				PRODUCT_BUNDLE_IDENTIFIER = com.transistorsoft.Demo;
				PRODUCT_NAME = "$(TARGET_NAME)";
				TARGETED_DEVICE_FAMILY = "1,2";
			};
			name = Debug;
		};
		83F8A2192049AF3C00E7B41B /* Release */ = {
			isa = XCBuildConfiguration;
			baseConfigurationReference = 406C86577403C9B630C8C11D /* Pods-Demo.release.xcconfig */;
			buildSettings = {
				ASSETCATALOG_COMPILER_APPICON_NAME = AppIcon;
				CODE_SIGN_STYLE = Automatic;
				DEVELOPMENT_TEAM = 32A636YFGZ;
				FRAMEWORK_SEARCH_PATHS = "$(inherited)";
				INFOPLIST_FILE = Demo/Info.plist;
				IPHONEOS_DEPLOYMENT_TARGET = 9.3;
				LD_RUNPATH_SEARCH_PATHS = "$(inherited) @executable_path/Frameworks";
				PRODUCT_BUNDLE_IDENTIFIER = com.transistorsoft.Demo;
				PRODUCT_NAME = "$(TARGET_NAME)";
				TARGETED_DEVICE_FAMILY = "1,2";
			};
			name = Release;
		};
		83F8A21A2049AF3C00E7B41B /* Debug */ = {
			isa = XCBuildConfiguration;
			baseConfigurationReference = E02F4F6DCA0BEBEEC59FA35A /* Pods-DemoTests.debug.xcconfig */;
			buildSettings = {
				BUNDLE_LOADER = "$(TEST_HOST)";
				CODE_SIGN_STYLE = Automatic;
				DEVELOPMENT_TEAM = 32A636YFGZ;
				INFOPLIST_FILE = DemoTests/Info.plist;
				LD_RUNPATH_SEARCH_PATHS = "$(inherited) @executable_path/Frameworks @loader_path/Frameworks";
				PRODUCT_BUNDLE_IDENTIFIER = com.transistorsoft.DemoTests;
				PRODUCT_NAME = "$(TARGET_NAME)";
				TARGETED_DEVICE_FAMILY = "1,2";
				TEST_HOST = "$(BUILT_PRODUCTS_DIR)/Demo.app/Demo";
			};
			name = Debug;
		};
		83F8A21B2049AF3C00E7B41B /* Release */ = {
			isa = XCBuildConfiguration;
			baseConfigurationReference = 2E7F80225E0E865FFA5E8944 /* Pods-DemoTests.release.xcconfig */;
			buildSettings = {
				BUNDLE_LOADER = "$(TEST_HOST)";
				CODE_SIGN_STYLE = Automatic;
				DEVELOPMENT_TEAM = 32A636YFGZ;
				INFOPLIST_FILE = DemoTests/Info.plist;
				LD_RUNPATH_SEARCH_PATHS = "$(inherited) @executable_path/Frameworks @loader_path/Frameworks";
				PRODUCT_BUNDLE_IDENTIFIER = com.transistorsoft.DemoTests;
				PRODUCT_NAME = "$(TARGET_NAME)";
				TARGETED_DEVICE_FAMILY = "1,2";
				TEST_HOST = "$(BUILT_PRODUCTS_DIR)/Demo.app/Demo";
			};
			name = Release;
		};
		83F8A21C2049AF3C00E7B41B /* Debug */ = {
			isa = XCBuildConfiguration;
			baseConfigurationReference = 16E17FFAF22F48DBD4EC8129 /* Pods-DemoUITests.debug.xcconfig */;
			buildSettings = {
				CODE_SIGN_STYLE = Automatic;
				DEVELOPMENT_TEAM = 32A636YFGZ;
				INFOPLIST_FILE = DemoUITests/Info.plist;
				LD_RUNPATH_SEARCH_PATHS = "$(inherited) @executable_path/Frameworks @loader_path/Frameworks";
				PRODUCT_BUNDLE_IDENTIFIER = com.transistorsoft.DemoUITests;
				PRODUCT_NAME = "$(TARGET_NAME)";
				TARGETED_DEVICE_FAMILY = "1,2";
				TEST_TARGET_NAME = Demo;
			};
			name = Debug;
		};
		83F8A21D2049AF3C00E7B41B /* Release */ = {
			isa = XCBuildConfiguration;
			baseConfigurationReference = 508997F590468C95D3D94DF5 /* Pods-DemoUITests.release.xcconfig */;
			buildSettings = {
				CODE_SIGN_STYLE = Automatic;
				DEVELOPMENT_TEAM = 32A636YFGZ;
				INFOPLIST_FILE = DemoUITests/Info.plist;
				LD_RUNPATH_SEARCH_PATHS = "$(inherited) @executable_path/Frameworks @loader_path/Frameworks";
				PRODUCT_BUNDLE_IDENTIFIER = com.transistorsoft.DemoUITests;
				PRODUCT_NAME = "$(TARGET_NAME)";
				TARGETED_DEVICE_FAMILY = "1,2";
				TEST_TARGET_NAME = Demo;
			};
			name = Release;
		};
/* End XCBuildConfiguration section */

/* Begin XCConfigurationList section */
		83CE47E42025071A004DF1CC /* Build configuration list for PBXProject "BackgroundGeolocation" */ = {
			isa = XCConfigurationList;
			buildConfigurations = (
				83CE47FD2025071A004DF1CC /* Debug */,
				83CE47FE2025071A004DF1CC /* Release */,
			);
			defaultConfigurationIsVisible = 0;
			defaultConfigurationName = Release;
		};
		83F8A21E2049AF3C00E7B41B /* Build configuration list for PBXNativeTarget "Demo" */ = {
			isa = XCConfigurationList;
			buildConfigurations = (
				83F8A2182049AF3C00E7B41B /* Debug */,
				83F8A2192049AF3C00E7B41B /* Release */,
			);
			defaultConfigurationIsVisible = 0;
			defaultConfigurationName = Release;
		};
		83F8A21F2049AF3C00E7B41B /* Build configuration list for PBXNativeTarget "DemoTests" */ = {
			isa = XCConfigurationList;
			buildConfigurations = (
				83F8A21A2049AF3C00E7B41B /* Debug */,
				83F8A21B2049AF3C00E7B41B /* Release */,
			);
			defaultConfigurationIsVisible = 0;
			defaultConfigurationName = Release;
		};
		83F8A2202049AF3C00E7B41B /* Build configuration list for PBXNativeTarget "DemoUITests" */ = {
			isa = XCConfigurationList;
			buildConfigurations = (
				83F8A21C2049AF3C00E7B41B /* Debug */,
				83F8A21D2049AF3C00E7B41B /* Release */,
			);
			defaultConfigurationIsVisible = 0;
			defaultConfigurationName = Release;
		};
/* End XCConfigurationList section */
	};
	rootObject = 83CE47E12025071A004DF1CC /* Project object */;
}
