// !$*UTF8*$!
{
	archiveVersion = 1;
	classes = {
	};
	objectVersion = 46;
	objects = {

/* Begin PBXBuildFile section */
		833E680C1F2002C600F76C3E /* TSBackgroundGeolocation.m in Sources */ = {isa = PBXBuildFile; fileRef = 833E680B1F2002C600F76C3E /* TSBackgroundGeolocation.m */; };
		833E680D1F2002C600F76C3E /* TSBackgroundGeolocation.h in CopyFiles */ = {isa = PBXBuildFile; fileRef = 833E680A1F2002C600F76C3E /* TSBackgroundGeolocation.h */; };
		833E68321F2003C100F76C3E /* TSBackgroundFetch.framework in Frameworks */ = {isa = PBXBuildFile; fileRef = 833E68301F2003C100F76C3E /* TSBackgroundFetch.framework */; };
		833E68331F2003C200F76C3E /* TSLocationManager.framework in Frameworks */ = {isa = PBXBuildFile; fileRef = 833E68311F2003C100F76C3E /* TSLocationManager.framework */; };
/* End PBXBuildFile section */

/* Begin PBXCopyFilesBuildPhase section */
		833E68051F2002C600F76C3E /* CopyFiles */ = {
			isa = PBXCopyFilesBuildPhase;
			buildActionMask = 2147483647;
			dstPath = "include/$(PRODUCT_NAME)";
			dstSubfolderSpec = 16;
			files = (
				833E680D1F2002C600F76C3E /* TSBackgroundGeolocation.h in CopyFiles */,
			);
			runOnlyForDeploymentPostprocessing = 0;
		};
/* End PBXCopyFilesBuildPhase section */

/* Begin PBXFileReference section */
		833E68071F2002C600F76C3E /* libTSBackgroundGeolocation.a */ = {isa = PBXFileReference; explicitFileType = archive.ar; includeInIndex = 0; path = libTSBackgroundGeolocation.a; sourceTree = BUILT_PRODUCTS_DIR; };
		833E680A1F2002C600F76C3E /* TSBackgroundGeolocation.h */ = {isa = PBXFileReference; lastKnownFileType = sourcecode.c.h; path = TSBackgroundGeolocation.h; sourceTree = "<group>"; };
		833E680B1F2002C600F76C3E /* TSBackgroundGeolocation.m */ = {isa = PBXFileReference; lastKnownFileType = sourcecode.c.objc; path = TSBackgroundGeolocation.m; sourceTree = "<group>"; };
		833E68301F2003C100F76C3E /* TSBackgroundFetch.framework */ = {isa = PBXFileReference; lastKnownFileType = wrapper.framework; name = TSBackgroundFetch.framework; path = TSBackgroundGeolocation/TSBackgroundFetch.framework; sourceTree = "<group>"; };
		833E68311F2003C100F76C3E /* TSLocationManager.framework */ = {isa = PBXFileReference; lastKnownFileType = wrapper.framework; name = TSLocationManager.framework; path = TSBackgroundGeolocation/TSLocationManager.framework; sourceTree = "<group>"; };
/* End PBXFileReference section */

/* Begin PBXFrameworksBuildPhase section */
		833E68041F2002C600F76C3E /* Frameworks */ = {
			isa = PBXFrameworksBuildPhase;
			buildActionMask = 2147483647;
			files = (
				833E68331F2003C200F76C3E /* TSLocationManager.framework in Frameworks */,
				833E68321F2003C100F76C3E /* TSBackgroundFetch.framework in Frameworks */,
			);
			runOnlyForDeploymentPostprocessing = 0;
		};
/* End PBXFrameworksBuildPhase section */

/* Begin PBXGroup section */
		833E67FE1F2002C600F76C3E = {
			isa = PBXGroup;
			children = (
				833E68301F2003C100F76C3E /* TSBackgroundFetch.framework */,
				833E68311F2003C100F76C3E /* TSLocationManager.framework */,
				833E68091F2002C600F76C3E /* TSBackgroundGeolocation */,
				833E68081F2002C600F76C3E /* Products */,
			);
			sourceTree = "<group>";
		};
		833E68081F2002C600F76C3E /* Products */ = {
			isa = PBXGroup;
			children = (
				833E68071F2002C600F76C3E /* libTSBackgroundGeolocation.a */,
			);
			name = Products;
			sourceTree = "<group>";
		};
		833E68091F2002C600F76C3E /* TSBackgroundGeolocation */ = {
			isa = PBXGroup;
			children = (
				833E680A1F2002C600F76C3E /* TSBackgroundGeolocation.h */,
				833E680B1F2002C600F76C3E /* TSBackgroundGeolocation.m */,
			);
			path = TSBackgroundGeolocation;
			sourceTree = "<group>";
		};
/* End PBXGroup section */

/* Begin PBXNativeTarget section */
		833E68061F2002C600F76C3E /* TSBackgroundGeolocation */ = {
			isa = PBXNativeTarget;
			buildConfigurationList = 833E68101F2002C600F76C3E /* Build configuration list for PBXNativeTarget "TSBackgroundGeolocation" */;
			buildPhases = (
				833E68031F2002C600F76C3E /* Sources */,
				833E68041F2002C600F76C3E /* Frameworks */,
				833E68051F2002C600F76C3E /* CopyFiles */,
			);
			buildRules = (
			);
			dependencies = (
			);
			name = TSBackgroundGeolocation;
			productName = TSBackgroundGeolocation;
			productReference = 833E68071F2002C600F76C3E /* libTSBackgroundGeolocation.a */;
			productType = "com.apple.product-type.library.static";
		};
/* End PBXNativeTarget section */

/* Begin PBXProject section */
		833E67FF1F2002C600F76C3E /* Project object */ = {
			isa = PBXProject;
			attributes = {
				LastUpgradeCheck = 0830;
				ORGANIZATIONNAME = "Christopher Scott";
				TargetAttributes = {
					833E68061F2002C600F76C3E = {
						CreatedOnToolsVersion = 8.3.3;
						DevelopmentTeam = 32A636YFGZ;
						ProvisioningStyle = Automatic;
					};
				};
			};
			buildConfigurationList = 833E68021F2002C600F76C3E /* Build configuration list for PBXProject "TSBackgroundGeolocation" */;
			compatibilityVersion = "Xcode 3.2";
			developmentRegion = English;
			hasScannedForEncodings = 0;
			knownRegions = (
				en,
			);
			mainGroup = 833E67FE1F2002C600F76C3E;
			productRefGroup = 833E68081F2002C600F76C3E /* Products */;
			projectDirPath = "";
			projectRoot = "";
			targets = (
				833E68061F2002C600F76C3E /* TSBackgroundGeolocation */,
			);
		};
/* End PBXProject section */

/* Begin PBXSourcesBuildPhase section */
		833E68031F2002C600F76C3E /* Sources */ = {
			isa = PBXSourcesBuildPhase;
			buildActionMask = 2147483647;
			files = (
				833E680C1F2002C600F76C3E /* TSBackgroundGeolocation.m in Sources */,
			);
			runOnlyForDeploymentPostprocessing = 0;
		};
/* End PBXSourcesBuildPhase section */

/* Begin XCBuildConfiguration section */
		833E680E1F2002C600F76C3E /* Debug */ = {
			isa = XCBuildConfiguration;
			buildSettings = {
				ALWAYS_SEARCH_USER_PATHS = NO;
				CLANG_ANALYZER_NONNULL = YES;
				CLANG_ANALYZER_NUMBER_OBJECT_CONVERSION = YES_AGGRESSIVE;
				CLANG_CXX_LANGUAGE_STANDARD = "gnu++0x";
				CLANG_CXX_LIBRARY = "libc++";
				CLANG_ENABLE_MODULES = YES;
				CLANG_ENABLE_OBJC_ARC = YES;
				CLANG_WARN_BOOL_CONVERSION = YES;
				CLANG_WARN_CONSTANT_CONVERSION = YES;
				CLANG_WARN_DIRECT_OBJC_ISA_USAGE = YES_ERROR;
				CLANG_WARN_DOCUMENTATION_COMMENTS = YES;
				CLANG_WARN_EMPTY_BODY = YES;
				CLANG_WARN_ENUM_CONVERSION = YES;
				CLANG_WARN_INFINITE_RECURSION = YES;
				CLANG_WARN_INT_CONVERSION = YES;
				CLANG_WARN_OBJC_ROOT_CLASS = YES_ERROR;
				CLANG_WARN_SUSPICIOUS_MOVE = YES;
				CLANG_WARN_UNREACHABLE_CODE = YES;
				CLANG_WARN__DUPLICATE_METHOD_MATCH = YES;
				"CODE_SIGN_IDENTITY[sdk=iphoneos*]" = "iPhone Developer";
				COPY_PHASE_STRIP = NO;
				DEBUG_INFORMATION_FORMAT = dwarf;
				ENABLE_STRICT_OBJC_MSGSEND = YES;
				ENABLE_TESTABILITY = YES;
				GCC_C_LANGUAGE_STANDARD = gnu99;
				GCC_DYNAMIC_NO_PIC = NO;
				GCC_NO_COMMON_BLOCKS = YES;
				GCC_OPTIMIZATION_LEVEL = 0;
				GCC_PREPROCESSOR_DEFINITIONS = (
					"DEBUG=1",
					"$(inherited)",
				);
				GCC_WARN_64_TO_32_BIT_CONVERSION = YES;
				GCC_WARN_ABOUT_RETURN_TYPE = YES_ERROR;
				GCC_WARN_UNDECLARED_SELECTOR = YES;
				GCC_WARN_UNINITIALIZED_AUTOS = YES_AGGRESSIVE;
				GCC_WARN_UNUSED_FUNCTION = YES;
				GCC_WARN_UNUSED_VARIABLE = YES;
				IPHONEOS_DEPLOYMENT_TARGET = 10.3;
				MTL_ENABLE_DEBUG_INFO = YES;
				ONLY_ACTIVE_ARCH = YES;
				SDKROOT = iphoneos;
			};
			name = Debug;
		};
		833E680F1F2002C600F76C3E /* Release */ = {
			isa = XCBuildConfiguration;
			buildSettings = {
				ALWAYS_SEARCH_USER_PATHS = NO;
				CLANG_ANALYZER_NONNULL = YES;
				CLANG_ANALYZER_NUMBER_OBJECT_CONVERSION = YES_AGGRESSIVE;
				CLANG_CXX_LANGUAGE_STANDARD = "gnu++0x";
				CLANG_CXX_LIBRARY = "libc++";
				CLANG_ENABLE_MODULES = YES;
				CLANG_ENABLE_OBJC_ARC = YES;
				CLANG_WARN_BOOL_CONVERSION = YES;
				CLANG_WARN_CONSTANT_CONVERSION = YES;
				CLANG_WARN_DIRECT_OBJC_ISA_USAGE = YES_ERROR;
				CLANG_WARN_DOCUMENTATION_COMMENTS = YES;
				CLANG_WARN_EMPTY_BODY = YES;
				CLANG_WARN_ENUM_CONVERSION = YES;
				CLANG_WARN_INFINITE_RECURSION = YES;
				CLANG_WARN_INT_CONVERSION = YES;
				CLANG_WARN_OBJC_ROOT_CLASS = YES_ERROR;
				CLANG_WARN_SUSPICIOUS_MOVE = YES;
				CLANG_WARN_UNREACHABLE_CODE = YES;
				CLANG_WARN__DUPLICATE_METHOD_MATCH = YES;
				"CODE_SIGN_IDENTITY[sdk=iphoneos*]" = "iPhone Developer";
				COPY_PHASE_STRIP = NO;
				DEBUG_INFORMATION_FORMAT = "dwarf-with-dsym";
				ENABLE_NS_ASSERTIONS = NO;
				ENABLE_STRICT_OBJC_MSGSEND = YES;
				GCC_C_LANGUAGE_STANDARD = gnu99;
				GCC_NO_COMMON_BLOCKS = YES;
				GCC_WARN_64_TO_32_BIT_CONVERSION = YES;
				GCC_WARN_ABOUT_RETURN_TYPE = YES_ERROR;
				GCC_WARN_UNDECLARED_SELECTOR = YES;
				GCC_WARN_UNINITIALIZED_AUTOS = YES_AGGRESSIVE;
				GCC_WARN_UNUSED_FUNCTION = YES;
				GCC_WARN_UNUSED_VARIABLE = YES;
				IPHONEOS_DEPLOYMENT_TARGET = 10.3;
				MTL_ENABLE_DEBUG_INFO = NO;
				SDKROOT = iphoneos;
				VALIDATE_PRODUCT = YES;
			};
			name = Release;
		};
		833E68111F2002C600F76C3E /* Debug */ = {
			isa = XCBuildConfiguration;
			buildSettings = {
				DEVELOPMENT_TEAM = 32A636YFGZ;
				FRAMEWORK_SEARCH_PATHS = (
					"$(inherited)",
					"$(PROJECT_DIR)/TSBackgroundGeolocation",
				);
				OTHER_LDFLAGS = "-ObjC";
				PRODUCT_NAME = "$(TARGET_NAME)";
				SKIP_INSTALL = YES;
			};
			name = Debug;
		};
		833E68121F2002C600F76C3E /* Release */ = {
			isa = XCBuildConfiguration;
			buildSettings = {
				DEVELOPMENT_TEAM = 32A636YFGZ;
				FRAMEWORK_SEARCH_PATHS = (
					"$(inherited)",
					"$(PROJECT_DIR)/TSBackgroundGeolocation",
				);
				OTHER_LDFLAGS = "-ObjC";
				PRODUCT_NAME = "$(TARGET_NAME)";
				SKIP_INSTALL = YES;
			};
			name = Release;
		};
/* End XCBuildConfiguration section */

/* Begin XCConfigurationList section */
		833E68021F2002C600F76C3E /* Build configuration list for PBXProject "TSBackgroundGeolocation" */ = {
			isa = XCConfigurationList;
			buildConfigurations = (
				833E680E1F2002C600F76C3E /* Debug */,
				833E680F1F2002C600F76C3E /* Release */,
			);
			defaultConfigurationIsVisible = 0;
			defaultConfigurationName = Release;
		};
		833E68101F2002C600F76C3E /* Build configuration list for PBXNativeTarget "TSBackgroundGeolocation" */ = {
			isa = XCConfigurationList;
			buildConfigurations = (
				833E68111F2002C600F76C3E /* Debug */,
				833E68121F2002C600F76C3E /* Release */,
			);
			defaultConfigurationIsVisible = 0;
			defaultConfigurationName = Release;
		};
/* End XCConfigurationList section */
	};
	rootObject = 833E67FF1F2002C600F76C3E /* Project object */;
}
